
Microsoft Visual Studio Solution File, Format Version 12.00
# Visual Studio Version 17
VisualStudioVersion = 17.8.34511.84
MinimumVisualStudioVersion = 10.0.40219.1
Project("{8BC9CEB8-8B4A-11D0-8D11-00A0C91BC942}") = "Sort_data", "Sort_data\Sort_data.vcxproj", "{F8A84EAA-8EF6-4C82-931F-2556D18AA5F8}"
EndProject
Global
	GlobalSection(SolutionConfigurationPlatforms) = preSolution
		Debug|x64 = Debug|x64
		Debug|x86 = Debug|x86
		Release|x64 = Release|x64
		Release|x86 = Release|x86
	EndGlobalSection
	GlobalSection(ProjectConfigurationPlatforms) = postSolution
		{F8A84EAA-8EF6-4C82-931F-2556D18AA5F8}.Debug|x64.ActiveCfg = Debug|x64
		{F8A84EAA-8EF6-4C82-931F-2556D18AA5F8}.Debug|x64.Build.0 = Debug|x64
		{F8A84EAA-8EF6-4C82-931F-2556D18AA5F8}.Debug|x86.ActiveCfg = Debug|Win32
		{F8A84EAA-8EF6-4C82-931F-2556D18AA5F8}.Debug|x86.Build.0 = Debug|Win32
		{F8A84EAA-8EF6-4C82-931F-2556D18AA5F8}.Release|x64.ActiveCfg = Release|x64
		{F8A84EAA-8EF6-4C82-931F-2556D18AA5F8}.Release|x64.Build.0 = Release|x64
		{F8A84EAA-8EF6-4C82-931F-2556D18AA5F8}.Release|x86.ActiveCfg = Release|Win32
		{F8A84EAA-8EF6-4C82-931F-2556D18AA5F8}.Release|x86.Build.0 = Release|Win32
	EndGlobalSection
	GlobalSection(SolutionProperties) = preSolution
		HideSolutionNode = FALSE
	EndGlobalSection
	GlobalSection(ExtensibilityGlobals) = postSolution
		SolutionGuid = {D002817E-B71F-4CD5-B41E-DA2781477107}
	EndGlobalSection
EndGlobal
