
Microsoft Visual Studio Solution File, Format Version 12.00
# Visual Studio Version 17
VisualStudioVersion = 17.8.34511.84
MinimumVisualStudioVersion = 10.0.40219.1
Project("{8BC9CEB8-8B4A-11D0-8D11-00A0C91BC942}") = "Minimum Spanning", "Minimum Spanning\Minimum Spanning.vcxproj", "{15AAD0A1-FE47-489E-83FE-0AFF1A1B0F60}"
EndProject
Global
	GlobalSection(SolutionConfigurationPlatforms) = preSolution
		Debug|x64 = Debug|x64
		Debug|x86 = Debug|x86
		Release|x64 = Release|x64
		Release|x86 = Release|x86
	EndGlobalSection
	GlobalSection(ProjectConfigurationPlatforms) = postSolution
		{15AAD0A1-FE47-489E-83FE-0AFF1A1B0F60}.Debug|x64.ActiveCfg = Debug|x64
		{15AAD0A1-FE47-489E-83FE-0AFF1A1B0F60}.Debug|x64.Build.0 = Debug|x64
		{15AAD0A1-FE47-489E-83FE-0AFF1A1B0F60}.Debug|x86.ActiveCfg = Debug|Win32
		{15AAD0A1-FE47-489E-83FE-0AFF1A1B0F60}.Debug|x86.Build.0 = Debug|Win32
		{15AAD0A1-FE47-489E-83FE-0AFF1A1B0F60}.Release|x64.ActiveCfg = Release|x64
		{15AAD0A1-FE47-489E-83FE-0AFF1A1B0F60}.Release|x64.Build.0 = Release|x64
		{15AAD0A1-FE47-489E-83FE-0AFF1A1B0F60}.Release|x86.ActiveCfg = Release|Win32
		{15AAD0A1-FE47-489E-83FE-0AFF1A1B0F60}.Release|x86.Build.0 = Release|Win32
	EndGlobalSection
	GlobalSection(SolutionProperties) = preSolution
		HideSolutionNode = FALSE
	EndGlobalSection
	GlobalSection(ExtensibilityGlobals) = postSolution
		SolutionGuid = {6050213D-4C19-492E-930F-3B5DC17F0398}
	EndGlobalSection
EndGlobal
